// !$*UTF8*$!
{
	archiveVersion = 1;
	classes = {
	};
	objectVersion = 56;
	objects = {

/* Begin PBXBuildFile section */
		E914866D2B93AB3000F266A5 /* AppDelegate.swift in Sources */ = {isa = PBXBuildFile; fileRef = E914866C2B93AB3000F266A5 /* AppDelegate.swift */; };
		E914866F2B93AB3000F266A5 /* SceneDelegate.swift in Sources */ = {isa = PBXBuildFile; fileRef = E914866E2B93AB3000F266A5 /* SceneDelegate.swift */; };
		E91486712B93AB3000F266A5 /* WeatherViewController.swift in Sources */ = {isa = PBXBuildFile; fileRef = E91486702B93AB3000F266A5 /* WeatherViewController.swift */; };
		E91486762B93AB3200F266A5 /* Assets.xcassets in Resources */ = {isa = PBXBuildFile; fileRef = E91486752B93AB3200F266A5 /* Assets.xcassets */; };
		E91486792B93AB3200F266A5 /* LaunchScreen.storyboard in Resources */ = {isa = PBXBuildFile; fileRef = E91486772B93AB3200F266A5 /* LaunchScreen.storyboard */; };
		E91486842B93AB3300F266A5 /* CoffeeWeatherTests.swift in Sources */ = {isa = PBXBuildFile; fileRef = E91486832B93AB3300F266A5 /* CoffeeWeatherTests.swift */; };
		E914868E2B93AB3300F266A5 /* CoffeeWeatherUITests.swift in Sources */ = {isa = PBXBuildFile; fileRef = E914868D2B93AB3300F266A5 /* CoffeeWeatherUITests.swift */; };
		E91486902B93AB3300F266A5 /* CoffeeWeatherUITestsLaunchTests.swift in Sources */ = {isa = PBXBuildFile; fileRef = E914868F2B93AB3300F266A5 /* CoffeeWeatherUITestsLaunchTests.swift */; };
		E91486A42B93B0FC00F266A5 /* LocationManagers.swift in Sources */ = {isa = PBXBuildFile; fileRef = E91486A32B93B0FC00F266A5 /* LocationManagers.swift */; };
		E91486A62B93B10600F266A5 /* IAPManager.swift in Sources */ = {isa = PBXBuildFile; fileRef = E91486A52B93B10600F266A5 /* IAPManager.swift */; };
		E91486A82B93B11C00F266A5 /* WeatherManager.swift in Sources */ = {isa = PBXBuildFile; fileRef = E91486A72B93B11C00F266A5 /* WeatherManager.swift */; };
		E91486AA2B93B2BC00F266A5 /* SettingsViewController.swift in Sources */ = {isa = PBXBuildFile; fileRef = E91486A92B93B2BC00F266A5 /* SettingsViewController.swift */; };
		E91486AC2B93B3BA00F266A5 /* TabViewController.swift in Sources */ = {isa = PBXBuildFile; fileRef = E91486AB2B93B3BA00F266A5 /* TabViewController.swift */; };
/* End PBXBuildFile section */

/* Begin PBXContainerItemProxy section */
		E91486802B93AB3300F266A5 /* PBXContainerItemProxy */ = {
			isa = PBXContainerItemProxy;
			containerPortal = E91486612B93AB3000F266A5 /* Project object */;
			proxyType = 1;
			remoteGlobalIDString = E91486682B93AB3000F266A5;
			remoteInfo = CoffeeWeather;
		};
		E914868A2B93AB3300F266A5 /* PBXContainerItemProxy */ = {
			isa = PBXContainerItemProxy;
			containerPortal = E91486612B93AB3000F266A5 /* Project object */;
			proxyType = 1;
			remoteGlobalIDString = E91486682B93AB3000F266A5;
			remoteInfo = CoffeeWeather;
		};
/* End PBXContainerItemProxy section */

/* Begin PBXFileReference section */
		E91486692B93AB3000F266A5 /* CoffeeWeather.app */ = {isa = PBXFileReference; explicitFileType = wrapper.application; includeInIndex = 0; path = CoffeeWeather.app; sourceTree = BUILT_PRODUCTS_DIR; };
		E914866C2B93AB3000F266A5 /* AppDelegate.swift */ = {isa = PBXFileReference; lastKnownFileType = sourcecode.swift; path = AppDelegate.swift; sourceTree = "<group>"; };
		E914866E2B93AB3000F266A5 /* SceneDelegate.swift */ = {isa = PBXFileReference; lastKnownFileType = sourcecode.swift; path = SceneDelegate.swift; sourceTree = "<group>"; };
		E91486702B93AB3000F266A5 /* WeatherViewController.swift */ = {isa = PBXFileReference; lastKnownFileType = sourcecode.swift; path = WeatherViewController.swift; sourceTree = "<group>"; };
		E91486752B93AB3200F266A5 /* Assets.xcassets */ = {isa = PBXFileReference; lastKnownFileType = folder.assetcatalog; path = Assets.xcassets; sourceTree = "<group>"; };
		E91486782B93AB3200F266A5 /* Base */ = {isa = PBXFileReference; lastKnownFileType = file.storyboard; name = Base; path = Base.lproj/LaunchScreen.storyboard; sourceTree = "<group>"; };
		E914867A2B93AB3200F266A5 /* Info.plist */ = {isa = PBXFileReference; lastKnownFileType = text.plist.xml; path = Info.plist; sourceTree = "<group>"; };
		E914867F2B93AB3300F266A5 /* CoffeeWeatherTests.xctest */ = {isa = PBXFileReference; explicitFileType = wrapper.cfbundle; includeInIndex = 0; path = CoffeeWeatherTests.xctest; sourceTree = BUILT_PRODUCTS_DIR; };
		E91486832B93AB3300F266A5 /* CoffeeWeatherTests.swift */ = {isa = PBXFileReference; lastKnownFileType = sourcecode.swift; path = CoffeeWeatherTests.swift; sourceTree = "<group>"; };
		E91486892B93AB3300F266A5 /* CoffeeWeatherUITests.xctest */ = {isa = PBXFileReference; explicitFileType = wrapper.cfbundle; includeInIndex = 0; path = CoffeeWeatherUITests.xctest; sourceTree = BUILT_PRODUCTS_DIR; };
		E914868D2B93AB3300F266A5 /* CoffeeWeatherUITests.swift */ = {isa = PBXFileReference; lastKnownFileType = sourcecode.swift; path = CoffeeWeatherUITests.swift; sourceTree = "<group>"; };
		E914868F2B93AB3300F266A5 /* CoffeeWeatherUITestsLaunchTests.swift */ = {isa = PBXFileReference; lastKnownFileType = sourcecode.swift; path = CoffeeWeatherUITestsLaunchTests.swift; sourceTree = "<group>"; };
		E914869C2B93AB4D00F266A5 /* CoffeeWeather.entitlements */ = {isa = PBXFileReference; lastKnownFileType = text.plist.entitlements; path = CoffeeWeather.entitlements; sourceTree = "<group>"; };
		E91486A32B93B0FC00F266A5 /* LocationManagers.swift */ = {isa = PBXFileReference; lastKnownFileType = sourcecode.swift; path = LocationManagers.swift; sourceTree = "<group>"; };
		E91486A52B93B10600F266A5 /* IAPManager.swift */ = {isa = PBXFileReference; lastKnownFileType = sourcecode.swift; path = IAPManager.swift; sourceTree = "<group>"; };
		E91486A72B93B11C00F266A5 /* WeatherManager.swift */ = {isa = PBXFileReference; lastKnownFileType = sourcecode.swift; path = WeatherManager.swift; sourceTree = "<group>"; };
		E91486A92B93B2BC00F266A5 /* SettingsViewController.swift */ = {isa = PBXFileReference; lastKnownFileType = sourcecode.swift; path = SettingsViewController.swift; sourceTree = "<group>"; };
		E91486AB2B93B3BA00F266A5 /* TabViewController.swift */ = {isa = PBXFileReference; lastKnownFileType = sourcecode.swift; path = TabViewController.swift; sourceTree = "<group>"; };
/* End PBXFileReference section */

/* Begin PBXFrameworksBuildPhase section */
		E91486662B93AB3000F266A5 /* Frameworks */ = {
			isa = PBXFrameworksBuildPhase;
			buildActionMask = 2147483647;
			files = (
			);
			runOnlyForDeploymentPostprocessing = 0;
		};
		E914867C2B93AB3300F266A5 /* Frameworks */ = {
			isa = PBXFrameworksBuildPhase;
			buildActionMask = 2147483647;
			files = (
			);
			runOnlyForDeploymentPostprocessing = 0;
		};
		E91486862B93AB3300F266A5 /* Frameworks */ = {
			isa = PBXFrameworksBuildPhase;
			buildActionMask = 2147483647;
			files = (
			);
			runOnlyForDeploymentPostprocessing = 0;
		};
/* End PBXFrameworksBuildPhase section */

/* Begin PBXGroup section */
		E91486602B93AB3000F266A5 = {
			isa = PBXGroup;
			children = (
				E914866B2B93AB3000F266A5 /* CoffeeWeather */,
				E91486822B93AB3300F266A5 /* CoffeeWeatherTests */,
				E914868C2B93AB3300F266A5 /* CoffeeWeatherUITests */,
				E914866A2B93AB3000F266A5 /* Products */,
			);
			sourceTree = "<group>";
		};
		E914866A2B93AB3000F266A5 /* Products */ = {
			isa = PBXGroup;
			children = (
				E91486692B93AB3000F266A5 /* CoffeeWeather.app */,
				E914867F2B93AB3300F266A5 /* CoffeeWeatherTests.xctest */,
				E91486892B93AB3300F266A5 /* CoffeeWeatherUITests.xctest */,
			);
			name = Products;
			sourceTree = "<group>";
		};
		E914866B2B93AB3000F266A5 /* CoffeeWeather */ = {
			isa = PBXGroup;
			children = (
				E91486A22B93B0D300F266A5 /* Managers */,
				E91486A12B93B05800F266A5 /* Resources */,
				E91486A02B93B05000F266A5 /* Controllers */,
				E914869F2B93B04800F266A5 /* Models */,
				E914869E2B93B03300F266A5 /* Views */,
				E914869D2B93B01F00F266A5 /* ViewModels */,
				E914869C2B93AB4D00F266A5 /* CoffeeWeather.entitlements */,
				E914867A2B93AB3200F266A5 /* Info.plist */,
			);
			path = CoffeeWeather;
			sourceTree = "<group>";
		};
		E91486822B93AB3300F266A5 /* CoffeeWeatherTests */ = {
			isa = PBXGroup;
			children = (
				E91486832B93AB3300F266A5 /* CoffeeWeatherTests.swift */,
			);
			path = CoffeeWeatherTests;
			sourceTree = "<group>";
		};
		E914868C2B93AB3300F266A5 /* CoffeeWeatherUITests */ = {
			isa = PBXGroup;
			children = (
				E914868D2B93AB3300F266A5 /* CoffeeWeatherUITests.swift */,
				E914868F2B93AB3300F266A5 /* CoffeeWeatherUITestsLaunchTests.swift */,
			);
			path = CoffeeWeatherUITests;
			sourceTree = "<group>";
		};
		E914869D2B93B01F00F266A5 /* ViewModels */ = {
			isa = PBXGroup;
			children = (
			);
			path = ViewModels;
			sourceTree = "<group>";
		};
		E914869E2B93B03300F266A5 /* Views */ = {
			isa = PBXGroup;
			children = (
			);
			path = Views;
			sourceTree = "<group>";
		};
		E914869F2B93B04800F266A5 /* Models */ = {
			isa = PBXGroup;
			children = (
			);
			path = Models;
			sourceTree = "<group>";
		};
		E91486A02B93B05000F266A5 /* Controllers */ = {
			isa = PBXGroup;
			children = (
				E91486702B93AB3000F266A5 /* WeatherViewController.swift */,
				E91486A92B93B2BC00F266A5 /* SettingsViewController.swift */,
				E91486AB2B93B3BA00F266A5 /* TabViewController.swift */,
			);
			path = Controllers;
			sourceTree = "<group>";
		};
		E91486A12B93B05800F266A5 /* Resources */ = {
			isa = PBXGroup;
			children = (
				E914866C2B93AB3000F266A5 /* AppDelegate.swift */,
				E914866E2B93AB3000F266A5 /* SceneDelegate.swift */,
				E91486752B93AB3200F266A5 /* Assets.xcassets */,
				E91486772B93AB3200F266A5 /* LaunchScreen.storyboard */,
			);
			path = Resources;
			sourceTree = "<group>";
		};
		E91486A22B93B0D300F266A5 /* Managers */ = {
			isa = PBXGroup;
			children = (
				E91486A32B93B0FC00F266A5 /* LocationManagers.swift */,
				E91486A52B93B10600F266A5 /* IAPManager.swift */,
				E91486A72B93B11C00F266A5 /* WeatherManager.swift */,
			);
			path = Managers;
			sourceTree = "<group>";
		};
/* End PBXGroup section */

/* Begin PBXNativeTarget section */
		E91486682B93AB3000F266A5 /* CoffeeWeather */ = {
			isa = PBXNativeTarget;
			buildConfigurationList = E91486932B93AB3300F266A5 /* Build configuration list for PBXNativeTarget "CoffeeWeather" */;
			buildPhases = (
				E91486652B93AB3000F266A5 /* Sources */,
				E91486662B93AB3000F266A5 /* Frameworks */,
				E91486672B93AB3000F266A5 /* Resources */,
			);
			buildRules = (
			);
			dependencies = (
			);
			name = CoffeeWeather;
			productName = CoffeeWeather;
			productReference = E91486692B93AB3000F266A5 /* CoffeeWeather.app */;
			productType = "com.apple.product-type.application";
		};
		E914867E2B93AB3300F266A5 /* CoffeeWeatherTests */ = {
			isa = PBXNativeTarget;
			buildConfigurationList = E91486962B93AB3300F266A5 /* Build configuration list for PBXNativeTarget "CoffeeWeatherTests" */;
			buildPhases = (
				E914867B2B93AB3300F266A5 /* Sources */,
				E914867C2B93AB3300F266A5 /* Frameworks */,
				E914867D2B93AB3300F266A5 /* Resources */,
			);
			buildRules = (
			);
			dependencies = (
				E91486812B93AB3300F266A5 /* PBXTargetDependency */,
			);
			name = CoffeeWeatherTests;
			productName = CoffeeWeatherTests;
			productReference = E914867F2B93AB3300F266A5 /* CoffeeWeatherTests.xctest */;
			productType = "com.apple.product-type.bundle.unit-test";
		};
		E91486882B93AB3300F266A5 /* CoffeeWeatherUITests */ = {
			isa = PBXNativeTarget;
			buildConfigurationList = E91486992B93AB3300F266A5 /* Build configuration list for PBXNativeTarget "CoffeeWeatherUITests" */;
			buildPhases = (
				E91486852B93AB3300F266A5 /* Sources */,
				E91486862B93AB3300F266A5 /* Frameworks */,
				E91486872B93AB3300F266A5 /* Resources */,
			);
			buildRules = (
			);
			dependencies = (
				E914868B2B93AB3300F266A5 /* PBXTargetDependency */,
			);
			name = CoffeeWeatherUITests;
			productName = CoffeeWeatherUITests;
			productReference = E91486892B93AB3300F266A5 /* CoffeeWeatherUITests.xctest */;
			productType = "com.apple.product-type.bundle.ui-testing";
		};
/* End PBXNativeTarget section */

/* Begin PBXProject section */
		E91486612B93AB3000F266A5 /* Project object */ = {
			isa = PBXProject;
			attributes = {
				BuildIndependentTargetsInParallel = 1;
				LastSwiftUpdateCheck = 1520;
				LastUpgradeCheck = 1520;
				TargetAttributes = {
					E91486682B93AB3000F266A5 = {
						CreatedOnToolsVersion = 15.2;
					};
					E914867E2B93AB3300F266A5 = {
						CreatedOnToolsVersion = 15.2;
						TestTargetID = E91486682B93AB3000F266A5;
					};
					E91486882B93AB3300F266A5 = {
						CreatedOnToolsVersion = 15.2;
						TestTargetID = E91486682B93AB3000F266A5;
					};
				};
			};
			buildConfigurationList = E91486642B93AB3000F266A5 /* Build configuration list for PBXProject "CoffeeWeather" */;
			compatibilityVersion = "Xcode 14.0";
			developmentRegion = en;
			hasScannedForEncodings = 0;
			knownRegions = (
				en,
				Base,
			);
			mainGroup = E91486602B93AB3000F266A5;
			productRefGroup = E914866A2B93AB3000F266A5 /* Products */;
			projectDirPath = "";
			projectRoot = "";
			targets = (
				E91486682B93AB3000F266A5 /* CoffeeWeather */,
				E914867E2B93AB3300F266A5 /* CoffeeWeatherTests */,
				E91486882B93AB3300F266A5 /* CoffeeWeatherUITests */,
			);
		};
/* End PBXProject section */

/* Begin PBXResourcesBuildPhase section */
		E91486672B93AB3000F266A5 /* Resources */ = {
			isa = PBXResourcesBuildPhase;
			buildActionMask = 2147483647;
			files = (
				E91486792B93AB3200F266A5 /* LaunchScreen.storyboard in Resources */,
				E91486762B93AB3200F266A5 /* Assets.xcassets in Resources */,
			);
			runOnlyForDeploymentPostprocessing = 0;
		};
		E914867D2B93AB3300F266A5 /* Resources */ = {
			isa = PBXResourcesBuildPhase;
			buildActionMask = 2147483647;
			files = (
			);
			runOnlyForDeploymentPostprocessing = 0;
		};
		E91486872B93AB3300F266A5 /* Resources */ = {
			isa = PBXResourcesBuildPhase;
			buildActionMask = 2147483647;
			files = (
			);
			runOnlyForDeploymentPostprocessing = 0;
		};
/* End PBXResourcesBuildPhase section */

/* Begin PBXSourcesBuildPhase section */
		E91486652B93AB3000F266A5 /* Sources */ = {
			isa = PBXSourcesBuildPhase;
			buildActionMask = 2147483647;
			files = (
				E91486AC2B93B3BA00F266A5 /* TabViewController.swift in Sources */,
				E91486A82B93B11C00F266A5 /* WeatherManager.swift in Sources */,
				E91486A42B93B0FC00F266A5 /* LocationManagers.swift in Sources */,
				E91486AA2B93B2BC00F266A5 /* SettingsViewController.swift in Sources */,
				E91486A62B93B10600F266A5 /* IAPManager.swift in Sources */,
				E91486712B93AB3000F266A5 /* WeatherViewController.swift in Sources */,
				E914866D2B93AB3000F266A5 /* AppDelegate.swift in Sources */,
				E914866F2B93AB3000F266A5 /* SceneDelegate.swift in Sources */,
			);
			runOnlyForDeploymentPostprocessing = 0;
		};
		E914867B2B93AB3300F266A5 /* Sources */ = {
			isa = PBXSourcesBuildPhase;
			buildActionMask = 2147483647;
			files = (
				E91486842B93AB3300F266A5 /* CoffeeWeatherTests.swift in Sources */,
			);
			runOnlyForDeploymentPostprocessing = 0;
		};
		E91486852B93AB3300F266A5 /* Sources */ = {
			isa = PBXSourcesBuildPhase;
			buildActionMask = 2147483647;
			files = (
				E914868E2B93AB3300F266A5 /* CoffeeWeatherUITests.swift in Sources */,
				E91486902B93AB3300F266A5 /* CoffeeWeatherUITestsLaunchTests.swift in Sources */,
			);
			runOnlyForDeploymentPostprocessing = 0;
		};
/* End PBXSourcesBuildPhase section */

/* Begin PBXTargetDependency section */
		E91486812B93AB3300F266A5 /* PBXTargetDependency */ = {
			isa = PBXTargetDependency;
			target = E91486682B93AB3000F266A5 /* CoffeeWeather */;
			targetProxy = E91486802B93AB3300F266A5 /* PBXContainerItemProxy */;
		};
		E914868B2B93AB3300F266A5 /* PBXTargetDependency */ = {
			isa = PBXTargetDependency;
			target = E91486682B93AB3000F266A5 /* CoffeeWeather */;
			targetProxy = E914868A2B93AB3300F266A5 /* PBXContainerItemProxy */;
		};
/* End PBXTargetDependency section */

/* Begin PBXVariantGroup section */
		E91486772B93AB3200F266A5 /* LaunchScreen.storyboard */ = {
			isa = PBXVariantGroup;
			children = (
				E91486782B93AB3200F266A5 /* Base */,
			);
			name = LaunchScreen.storyboard;
			sourceTree = "<group>";
		};
/* End PBXVariantGroup section */

/* Begin XCBuildConfiguration section */
		E91486912B93AB3300F266A5 /* Debug */ = {
			isa = XCBuildConfiguration;
			buildSettings = {
				ALWAYS_SEARCH_USER_PATHS = NO;
				ASSETCATALOG_COMPILER_GENERATE_SWIFT_ASSET_SYMBOL_EXTENSIONS = YES;
				CLANG_ANALYZER_NONNULL = YES;
				CLANG_ANALYZER_NUMBER_OBJECT_CONVERSION = YES_AGGRESSIVE;
				CLANG_CXX_LANGUAGE_STANDARD = "gnu++20";
				CLANG_ENABLE_MODULES = YES;
				CLANG_ENABLE_OBJC_ARC = YES;
				CLANG_ENABLE_OBJC_WEAK = YES;
				CLANG_WARN_BLOCK_CAPTURE_AUTORELEASING = YES;
				CLANG_WARN_BOOL_CONVERSION = YES;
				CLANG_WARN_COMMA = YES;
				CLANG_WARN_CONSTANT_CONVERSION = YES;
				CLANG_WARN_DEPRECATED_OBJC_IMPLEMENTATIONS = YES;
				CLANG_WARN_DIRECT_OBJC_ISA_USAGE = YES_ERROR;
				CLANG_WARN_DOCUMENTATION_COMMENTS = YES;
				CLANG_WARN_EMPTY_BODY = YES;
				CLANG_WARN_ENUM_CONVERSION = YES;
				CLANG_WARN_INFINITE_RECURSION = YES;
				CLANG_WARN_INT_CONVERSION = YES;
				CLANG_WARN_NON_LITERAL_NULL_CONVERSION = YES;
				CLANG_WARN_OBJC_IMPLICIT_RETAIN_SELF = YES;
				CLANG_WARN_OBJC_LITERAL_CONVERSION = YES;
				CLANG_WARN_OBJC_ROOT_CLASS = YES_ERROR;
				CLANG_WARN_QUOTED_INCLUDE_IN_FRAMEWORK_HEADER = YES;
				CLANG_WARN_RANGE_LOOP_ANALYSIS = YES;
				CLANG_WARN_STRICT_PROTOTYPES = YES;
				CLANG_WARN_SUSPICIOUS_MOVE = YES;
				CLANG_WARN_UNGUARDED_AVAILABILITY = YES_AGGRESSIVE;
				CLANG_WARN_UNREACHABLE_CODE = YES;
				CLANG_WARN__DUPLICATE_METHOD_MATCH = YES;
				COPY_PHASE_STRIP = NO;
				DEBUG_INFORMATION_FORMAT = dwarf;
				ENABLE_STRICT_OBJC_MSGSEND = YES;
				ENABLE_TESTABILITY = YES;
				ENABLE_USER_SCRIPT_SANDBOXING = YES;
				GCC_C_LANGUAGE_STANDARD = gnu17;
				GCC_DYNAMIC_NO_PIC = NO;
				GCC_NO_COMMON_BLOCKS = YES;
				GCC_OPTIMIZATION_LEVEL = 0;
				GCC_PREPROCESSOR_DEFINITIONS = (
					"DEBUG=1",
					"$(inherited)",
				);
				GCC_WARN_64_TO_32_BIT_CONVERSION = YES;
				GCC_WARN_ABOUT_RETURN_TYPE = YES_ERROR;
				GCC_WARN_UNDECLARED_SELECTOR = YES;
				GCC_WARN_UNINITIALIZED_AUTOS = YES_AGGRESSIVE;
				GCC_WARN_UNUSED_FUNCTION = YES;
				GCC_WARN_UNUSED_VARIABLE = YES;
				IPHONEOS_DEPLOYMENT_TARGET = 17.2;
				LOCALIZATION_PREFERS_STRING_CATALOGS = YES;
				MTL_ENABLE_DEBUG_INFO = INCLUDE_SOURCE;
				MTL_FAST_MATH = YES;
				ONLY_ACTIVE_ARCH = YES;
				SDKROOT = iphoneos;
				SWIFT_ACTIVE_COMPILATION_CONDITIONS = "DEBUG $(inherited)";
				SWIFT_OPTIMIZATION_LEVEL = "-Onone";
			};
			name = Debug;
		};
		E91486922B93AB3300F266A5 /* Release */ = {
			isa = XCBuildConfiguration;
			buildSettings = {
				ALWAYS_SEARCH_USER_PATHS = NO;
				ASSETCATALOG_COMPILER_GENERATE_SWIFT_ASSET_SYMBOL_EXTENSIONS = YES;
				CLANG_ANALYZER_NONNULL = YES;
				CLANG_ANALYZER_NUMBER_OBJECT_CONVERSION = YES_AGGRESSIVE;
				CLANG_CXX_LANGUAGE_STANDARD = "gnu++20";
				CLANG_ENABLE_MODULES = YES;
				CLANG_ENABLE_OBJC_ARC = YES;
				CLANG_ENABLE_OBJC_WEAK = YES;
				CLANG_WARN_BLOCK_CAPTURE_AUTORELEASING = YES;
				CLANG_WARN_BOOL_CONVERSION = YES;
				CLANG_WARN_COMMA = YES;
				CLANG_WARN_CONSTANT_CONVERSION = YES;
				CLANG_WARN_DEPRECATED_OBJC_IMPLEMENTATIONS = YES;
				CLANG_WARN_DIRECT_OBJC_ISA_USAGE = YES_ERROR;
				CLANG_WARN_DOCUMENTATION_COMMENTS = YES;
				CLANG_WARN_EMPTY_BODY = YES;
				CLANG_WARN_ENUM_CONVERSION = YES;
				CLANG_WARN_INFINITE_RECURSION = YES;
				CLANG_WARN_INT_CONVERSION = YES;
				CLANG_WARN_NON_LITERAL_NULL_CONVERSION = YES;
				CLANG_WARN_OBJC_IMPLICIT_RETAIN_SELF = YES;
				CLANG_WARN_OBJC_LITERAL_CONVERSION = YES;
				CLANG_WARN_OBJC_ROOT_CLASS = YES_ERROR;
				CLANG_WARN_QUOTED_INCLUDE_IN_FRAMEWORK_HEADER = YES;
				CLANG_WARN_RANGE_LOOP_ANALYSIS = YES;
				CLANG_WARN_STRICT_PROTOTYPES = YES;
				CLANG_WARN_SUSPICIOUS_MOVE = YES;
				CLANG_WARN_UNGUARDED_AVAILABILITY = YES_AGGRESSIVE;
				CLANG_WARN_UNREACHABLE_CODE = YES;
				CLANG_WARN__DUPLICATE_METHOD_MATCH = YES;
				COPY_PHASE_STRIP = NO;
				DEBUG_INFORMATION_FORMAT = "dwarf-with-dsym";
				ENABLE_NS_ASSERTIONS = NO;
				ENABLE_STRICT_OBJC_MSGSEND = YES;
				ENABLE_USER_SCRIPT_SANDBOXING = YES;
				GCC_C_LANGUAGE_STANDARD = gnu17;
				GCC_NO_COMMON_BLOCKS = YES;
				GCC_WARN_64_TO_32_BIT_CONVERSION = YES;
				GCC_WARN_ABOUT_RETURN_TYPE = YES_ERROR;
				GCC_WARN_UNDECLARED_SELECTOR = YES;
				GCC_WARN_UNINITIALIZED_AUTOS = YES_AGGRESSIVE;
				GCC_WARN_UNUSED_FUNCTION = YES;
				GCC_WARN_UNUSED_VARIABLE = YES;
				IPHONEOS_DEPLOYMENT_TARGET = 17.2;
				LOCALIZATION_PREFERS_STRING_CATALOGS = YES;
				MTL_ENABLE_DEBUG_INFO = NO;
				MTL_FAST_MATH = YES;
				SDKROOT = iphoneos;
				SWIFT_COMPILATION_MODE = wholemodule;
				VALIDATE_PRODUCT = YES;
			};
			name = Release;
		};
		E91486942B93AB3300F266A5 /* Debug */ = {
			isa = XCBuildConfiguration;
			buildSettings = {
				ASSETCATALOG_COMPILER_APPICON_NAME = AppIcon;
				ASSETCATALOG_COMPILER_GLOBAL_ACCENT_COLOR_NAME = AccentColor;
				CODE_SIGN_ENTITLEMENTS = CoffeeWeather/CoffeeWeather.entitlements;
				CODE_SIGN_STYLE = Automatic;
				CURRENT_PROJECT_VERSION = 1;
				DEVELOPMENT_TEAM = 3S27C22PSM;
				GENERATE_INFOPLIST_FILE = YES;
				INFOPLIST_FILE = CoffeeWeather/Info.plist;
				INFOPLIST_KEY_UIApplicationSupportsIndirectInputEvents = YES;
				INFOPLIST_KEY_UILaunchStoryboardName = LaunchScreen;
				INFOPLIST_KEY_UISupportedInterfaceOrientations_iPad = "UIInterfaceOrientationPortrait UIInterfaceOrientationPortraitUpsideDown UIInterfaceOrientationLandscapeLeft UIInterfaceOrientationLandscapeRight";
				INFOPLIST_KEY_UISupportedInterfaceOrientations_iPhone = "UIInterfaceOrientationPortrait UIInterfaceOrientationLandscapeLeft UIInterfaceOrientationLandscapeRight";
				LD_RUNPATH_SEARCH_PATHS = (
					"$(inherited)",
					"@executable_path/Frameworks",
				);
				MARKETING_VERSION = 1.0;
				PRODUCT_BUNDLE_IDENTIFIER = bearwithtea.CoffeeWeather;
				PRODUCT_NAME = "$(TARGET_NAME)";
				SWIFT_EMIT_LOC_STRINGS = YES;
				SWIFT_VERSION = 5.0;
				TARGETED_DEVICE_FAMILY = "1,2";
			};
			name = Debug;
		};
		E91486952B93AB3300F266A5 /* Release */ = {
			isa = XCBuildConfiguration;
			buildSettings = {
				ASSETCATALOG_COMPILER_APPICON_NAME = AppIcon;
				ASSETCATALOG_COMPILER_GLOBAL_ACCENT_COLOR_NAME = AccentColor;
				CODE_SIGN_ENTITLEMENTS = CoffeeWeather/CoffeeWeather.entitlements;
				CODE_SIGN_STYLE = Automatic;
				CURRENT_PROJECT_VERSION = 1;
				DEVELOPMENT_TEAM = 3S27C22PSM;
				GENERATE_INFOPLIST_FILE = YES;
				INFOPLIST_FILE = CoffeeWeather/Info.plist;
				INFOPLIST_KEY_UIApplicationSupportsIndirectInputEvents = YES;
				INFOPLIST_KEY_UILaunchStoryboardName = LaunchScreen;
				INFOPLIST_KEY_UISupportedInterfaceOrientations_iPad = "UIInterfaceOrientationPortrait UIInterfaceOrientationPortraitUpsideDown UIInterfaceOrientationLandscapeLeft UIInterfaceOrientationLandscapeRight";
				INFOPLIST_KEY_UISupportedInterfaceOrientations_iPhone = "UIInterfaceOrientationPortrait UIInterfaceOrientationLandscapeLeft UIInterfaceOrientationLandscapeRight";
				LD_RUNPATH_SEARCH_PATHS = (
					"$(inherited)",
					"@executable_path/Frameworks",
				);
				MARKETING_VERSION = 1.0;
				PRODUCT_BUNDLE_IDENTIFIER = bearwithtea.CoffeeWeather;
				PRODUCT_NAME = "$(TARGET_NAME)";
				SWIFT_EMIT_LOC_STRINGS = YES;
				SWIFT_VERSION = 5.0;
				TARGETED_DEVICE_FAMILY = "1,2";
			};
			name = Release;
		};
		E91486972B93AB3300F266A5 /* Debug */ = {
			isa = XCBuildConfiguration;
			buildSettings = {
				ALWAYS_EMBED_SWIFT_STANDARD_LIBRARIES = YES;
				BUNDLE_LOADER = "$(TEST_HOST)";
				CODE_SIGN_STYLE = Automatic;
				CURRENT_PROJECT_VERSION = 1;
				DEVELOPMENT_TEAM = 3S27C22PSM;
				GENERATE_INFOPLIST_FILE = YES;
				IPHONEOS_DEPLOYMENT_TARGET = 17.2;
				MARKETING_VERSION = 1.0;
				PRODUCT_BUNDLE_IDENTIFIER = bearwithtea.CoffeeWeatherTests;
				PRODUCT_NAME = "$(TARGET_NAME)";
				SWIFT_EMIT_LOC_STRINGS = NO;
				SWIFT_VERSION = 5.0;
				TARGETED_DEVICE_FAMILY = "1,2";
				TEST_HOST = "$(BUILT_PRODUCTS_DIR)/CoffeeWeather.app/$(BUNDLE_EXECUTABLE_FOLDER_PATH)/CoffeeWeather";
			};
			name = Debug;
		};
		E91486982B93AB3300F266A5 /* Release */ = {
			isa = XCBuildConfiguration;
			buildSettings = {
				ALWAYS_EMBED_SWIFT_STANDARD_LIBRARIES = YES;
				BUNDLE_LOADER = "$(TEST_HOST)";
				CODE_SIGN_STYLE = Automatic;
				CURRENT_PROJECT_VERSION = 1;
				DEVELOPMENT_TEAM = 3S27C22PSM;
				GENERATE_INFOPLIST_FILE = YES;
				IPHONEOS_DEPLOYMENT_TARGET = 17.2;
				MARKETING_VERSION = 1.0;
				PRODUCT_BUNDLE_IDENTIFIER = bearwithtea.CoffeeWeatherTests;
				PRODUCT_NAME = "$(TARGET_NAME)";
				SWIFT_EMIT_LOC_STRINGS = NO;
				SWIFT_VERSION = 5.0;
				TARGETED_DEVICE_FAMILY = "1,2";
				TEST_HOST = "$(BUILT_PRODUCTS_DIR)/CoffeeWeather.app/$(BUNDLE_EXECUTABLE_FOLDER_PATH)/CoffeeWeather";
			};
			name = Release;
		};
		E914869A2B93AB3300F266A5 /* Debug */ = {
			isa = XCBuildConfiguration;
			buildSettings = {
				ALWAYS_EMBED_SWIFT_STANDARD_LIBRARIES = YES;
				CODE_SIGN_STYLE = Automatic;
				CURRENT_PROJECT_VERSION = 1;
				DEVELOPMENT_TEAM = 3S27C22PSM;
				GENERATE_INFOPLIST_FILE = YES;
				MARKETING_VERSION = 1.0;
				PRODUCT_BUNDLE_IDENTIFIER = bearwithtea.CoffeeWeatherUITests;
				PRODUCT_NAME = "$(TARGET_NAME)";
				SWIFT_EMIT_LOC_STRINGS = NO;
				SWIFT_VERSION = 5.0;
				TARGETED_DEVICE_FAMILY = "1,2";
				TEST_TARGET_NAME = CoffeeWeather;
			};
			name = Debug;
		};
		E914869B2B93AB3300F266A5 /* Release */ = {
			isa = XCBuildConfiguration;
			buildSettings = {
				ALWAYS_EMBED_SWIFT_STANDARD_LIBRARIES = YES;
				CODE_SIGN_STYLE = Automatic;
				CURRENT_PROJECT_VERSION = 1;
				DEVELOPMENT_TEAM = 3S27C22PSM;
				GENERATE_INFOPLIST_FILE = YES;
				MARKETING_VERSION = 1.0;
				PRODUCT_BUNDLE_IDENTIFIER = bearwithtea.CoffeeWeatherUITests;
				PRODUCT_NAME = "$(TARGET_NAME)";
				SWIFT_EMIT_LOC_STRINGS = NO;
				SWIFT_VERSION = 5.0;
				TARGETED_DEVICE_FAMILY = "1,2";
				TEST_TARGET_NAME = CoffeeWeather;
			};
			name = Release;
		};
/* End XCBuildConfiguration section */

/* Begin XCConfigurationList section */
		E91486642B93AB3000F266A5 /* Build configuration list for PBXProject "CoffeeWeather" */ = {
			isa = XCConfigurationList;
			buildConfigurations = (
				E91486912B93AB3300F266A5 /* Debug */,
				E91486922B93AB3300F266A5 /* Release */,
			);
			defaultConfigurationIsVisible = 0;
			defaultConfigurationName = Release;
		};
		E91486932B93AB3300F266A5 /* Build configuration list for PBXNativeTarget "CoffeeWeather" */ = {
			isa = XCConfigurationList;
			buildConfigurations = (
				E91486942B93AB3300F266A5 /* Debug */,
				E91486952B93AB3300F266A5 /* Release */,
			);
			defaultConfigurationIsVisible = 0;
			defaultConfigurationName = Release;
		};
		E91486962B93AB3300F266A5 /* Build configuration list for PBXNativeTarget "CoffeeWeatherTests" */ = {
			isa = XCConfigurationList;
			buildConfigurations = (
				E91486972B93AB3300F266A5 /* Debug */,
				E91486982B93AB3300F266A5 /* Release */,
			);
			defaultConfigurationIsVisible = 0;
			defaultConfigurationName = Release;
		};
		E91486992B93AB3300F266A5 /* Build configuration list for PBXNativeTarget "CoffeeWeatherUITests" */ = {
			isa = XCConfigurationList;
			buildConfigurations = (
				E914869A2B93AB3300F266A5 /* Debug */,
				E914869B2B93AB3300F266A5 /* Release */,
			);
			defaultConfigurationIsVisible = 0;
			defaultConfigurationName = Release;
		};
/* End XCConfigurationList section */
	};
	rootObject = E91486612B93AB3000F266A5 /* Project object */;
}
